
Microsoft Visual Studio Solution File, Format Version 12.00
# Visual Studio Version 16
VisualStudioVersion = 16.0.29424.173
MinimumVisualStudioVersion = 10.0.40219.1
Project("{9A19103F-16F7-4668-BE54-9A1E7A4F7556}") = "Striped.Drawing", "Striped.Drawing\Striped.Drawing.csproj", "{650F1726-23CA-4066-AC28-1FDA51AD5CF2}"
EndProject
Project("{9A19103F-16F7-4668-BE54-9A1E7A4F7556}") = "Striped.Engine", "Striped.Engine\Striped.Engine.csproj", "{0BD2B24E-C57D-4A28-BFAF-AF6F2975ECBB}"
EndProject
Project("{9A19103F-16F7-4668-BE54-9A1E7A4F7556}") = "TestApp", "TestApp\TestApp.csproj", "{CDF826FE-EC74-415C-964D-BEFA2969B4D4}"
EndProject
Project("{9A19103F-16F7-4668-BE54-9A1E7A4F7556}") = "Striped.Utils", "Striped.Utils\Striped.Utils.csproj", "{E4348ADC-19AF-4C82-AE24-3439313C05E2}"
EndProject
Project("{FAE04EC0-301F-11D3-BF4B-00C04F79EFBC}") = "Striped.Utils.Tests", "Striped.Utils.Tests\Striped.Utils.Tests.csproj", "{2B163BA6-DE25-4088-AA25-6CC759DAFA45}"
EndProject
Global
	GlobalSection(SolutionConfigurationPlatforms) = preSolution
		Debug|Any CPU = Debug|Any CPU
		Release|Any CPU = Release|Any CPU
	EndGlobalSection
	GlobalSection(ProjectConfigurationPlatforms) = postSolution
		{650F1726-23CA-4066-AC28-1FDA51AD5CF2}.Debug|Any CPU.ActiveCfg = Debug|Any CPU
		{650F1726-23CA-4066-AC28-1FDA51AD5CF2}.Debug|Any CPU.Build.0 = Debug|Any CPU
		{650F1726-23CA-4066-AC28-1FDA51AD5CF2}.Release|Any CPU.ActiveCfg = Release|Any CPU
		{650F1726-23CA-4066-AC28-1FDA51AD5CF2}.Release|Any CPU.Build.0 = Release|Any CPU
		{0BD2B24E-C57D-4A28-BFAF-AF6F2975ECBB}.Debug|Any CPU.ActiveCfg = Debug|Any CPU
		{0BD2B24E-C57D-4A28-BFAF-AF6F2975ECBB}.Debug|Any CPU.Build.0 = Debug|Any CPU
		{0BD2B24E-C57D-4A28-BFAF-AF6F2975ECBB}.Release|Any CPU.ActiveCfg = Release|Any CPU
		{0BD2B24E-C57D-4A28-BFAF-AF6F2975ECBB}.Release|Any CPU.Build.0 = Release|Any CPU
		{CDF826FE-EC74-415C-964D-BEFA2969B4D4}.Debug|Any CPU.ActiveCfg = Debug|Any CPU
		{CDF826FE-EC74-415C-964D-BEFA2969B4D4}.Debug|Any CPU.Build.0 = Debug|Any CPU
		{CDF826FE-EC74-415C-964D-BEFA2969B4D4}.Release|Any CPU.ActiveCfg = Release|Any CPU
		{CDF826FE-EC74-415C-964D-BEFA2969B4D4}.Release|Any CPU.Build.0 = Release|Any CPU
		{E4348ADC-19AF-4C82-AE24-3439313C05E2}.Debug|Any CPU.ActiveCfg = Debug|Any CPU
		{E4348ADC-19AF-4C82-AE24-3439313C05E2}.Debug|Any CPU.Build.0 = Debug|Any CPU
		{E4348ADC-19AF-4C82-AE24-3439313C05E2}.Release|Any CPU.ActiveCfg = Release|Any CPU
		{E4348ADC-19AF-4C82-AE24-3439313C05E2}.Release|Any CPU.Build.0 = Release|Any CPU
		{2B163BA6-DE25-4088-AA25-6CC759DAFA45}.Debug|Any CPU.ActiveCfg = Debug|Any CPU
		{2B163BA6-DE25-4088-AA25-6CC759DAFA45}.Debug|Any CPU.Build.0 = Debug|Any CPU
		{2B163BA6-DE25-4088-AA25-6CC759DAFA45}.Release|Any CPU.ActiveCfg = Release|Any CPU
		{2B163BA6-DE25-4088-AA25-6CC759DAFA45}.Release|Any CPU.Build.0 = Release|Any CPU
	EndGlobalSection
	GlobalSection(SolutionProperties) = preSolution
		HideSolutionNode = FALSE
	EndGlobalSection
	GlobalSection(ExtensibilityGlobals) = postSolution
		SolutionGuid = {966B544F-0F50-4C7B-A7DD-EA8EA314D2F3}
	EndGlobalSection
EndGlobal
